
Microsoft Visual Studio Solution File, Format Version 12.00
# Visual Studio 15
VisualStudioVersion = 15.0.28307.705
MinimumVisualStudioVersion = 10.0.40219.1
Project("{FAE04EC0-301F-11D3-BF4B-00C04F79EFBC}") = "Factorial", "Factorial\Factorial.csproj", "{C98D627F-6010-4774-AF51-4F9FE9C2ECDD}"
EndProject
Global
	GlobalSection(SolutionConfigurationPlatforms) = preSolution
		Debug|Any CPU = Debug|Any CPU
		Release|Any CPU = Release|Any CPU
	EndGlobalSection
	GlobalSection(ProjectConfigurationPlatforms) = postSolution
		{C98D627F-6010-4774-AF51-4F9FE9C2ECDD}.Debug|Any CPU.ActiveCfg = Debug|Any CPU
		{C98D627F-6010-4774-AF51-4F9FE9C2ECDD}.Debug|Any CPU.Build.0 = Debug|Any CPU
		{C98D627F-6010-4774-AF51-4F9FE9C2ECDD}.Release|Any CPU.ActiveCfg = Release|Any CPU
		{C98D627F-6010-4774-AF51-4F9FE9C2ECDD}.Release|Any CPU.Build.0 = Release|Any CPU
	EndGlobalSection
	GlobalSection(SolutionProperties) = preSolution
		HideSolutionNode = FALSE
	EndGlobalSection
	GlobalSection(ExtensibilityGlobals) = postSolution
		SolutionGuid = {3F94E51B-9E29-4723-BAF0-E27A504D85DF}
	EndGlobalSection
EndGlobal
